{
  "originHash" : "2cdbac969cadcff6002731e2cfd92f7417c5eb24c333ef2538073e09baeeea28",
  "pins" : [
    {
      "identity" : "hotswiftui",
      "kind" : "remoteSourceControl",
      "location" : "https://github.com/johnno1962/HotSwiftUI",
      "state" : {
        "revision" : "79b90df110099c6fe6f14be3da577f744cf3ec1a"
      }
    },
    {
      "identity" : "injectionnext",
      "kind" : "remoteSourceControl",
      "location" : "https://github.com/karim-alweheshy/InjectionNext",
      "state" : {
        "revision" : "0202f9156cd2f165ec6d96a3acdd84441b4766ab"
      }
    }
  ],
  "version" : 3
}
